// !$*UTF8*$!
{
	archiveVersion = 1;
	classes = {
	};
	objectVersion = 46;
	objects = {

/* Begin PBXBuildFile section */
		914BA0901E524C2800356972 /* AppDelegate.swift in Sources */ = {isa = PBXBuildFile; fileRef = 914BA08F1E524C2800356972 /* AppDelegate.swift */; };
		914BA0921E524C2800356972 /* ViewController.swift in Sources */ = {isa = PBXBuildFile; fileRef = 914BA0911E524C2800356972 /* ViewController.swift */; };
		914BA0951E524C2800356972 /* Main.storyboard in Resources */ = {isa = PBXBuildFile; fileRef = 914BA0931E524C2800356972 /* Main.storyboard */; };
		914BA0971E524C2800356972 /* Assets.xcassets in Resources */ = {isa = PBXBuildFile; fileRef = 914BA0961E524C2800356972 /* Assets.xcassets */; };
		914BA09A1E524C2800356972 /* LaunchScreen.storyboard in Resources */ = {isa = PBXBuildFile; fileRef = 914BA0981E524C2800356972 /* LaunchScreen.storyboard */; };
/* End PBXBuildFile section */

/* Begin PBXFileReference section */
		914BA08C1E524C2800356972 /* UIScrollViewPractice.app */ = {isa = PBXFileReference; explicitFileType = wrapper.application; includeInIndex = 0; path = UIScrollViewPractice.app; sourceTree = BUILT_PRODUCTS_DIR; };
		914BA08F1E524C2800356972 /* AppDelegate.swift */ = {isa = PBXFileReference; lastKnownFileType = sourcecode.swift; path = AppDelegate.swift; sourceTree = "<group>"; };
		914BA0911E524C2800356972 /* ViewController.swift */ = {isa = PBXFileReference; lastKnownFileType = sourcecode.swift; path = ViewController.swift; sourceTree = "<group>"; };
		914BA0941E524C2800356972 /* Base */ = {isa = PBXFileReference; lastKnownFileType = file.storyboard; name = Base; path = Base.lproj/Main.storyboard; sourceTree = "<group>"; };
		914BA0961E524C2800356972 /* Assets.xcassets */ = {isa = PBXFileReference; lastKnownFileType = folder.assetcatalog; path = Assets.xcassets; sourceTree = "<group>"; };
		914BA0991E524C2800356972 /* Base */ = {isa = PBXFileReference; lastKnownFileType = file.storyboard; name = Base; path = Base.lproj/LaunchScreen.storyboard; sourceTree = "<group>"; };
		914BA09B1E524C2800356972 /* Info.plist */ = {isa = PBXFileReference; lastKnownFileType = text.plist.xml; path = Info.plist; sourceTree = "<group>"; };
/* End PBXFileReference section */

/* Begin PBXFrameworksBuildPhase section */
		914BA0891E524C2800356972 /* Frameworks */ = {
			isa = PBXFrameworksBuildPhase;
			buildActionMask = 2147483647;
			files = (
			);
			runOnlyForDeploymentPostprocessing = 0;
		};
/* End PBXFrameworksBuildPhase section */

/* Begin PBXGroup section */
		914BA0831E524C2800356972 = {
			isa = PBXGroup;
			children = (
				914BA08E1E524C2800356972 /* UIScrollViewPractice */,
				914BA08D1E524C2800356972 /* Products */,
			);
			sourceTree = "<group>";
		};
		914BA08D1E524C2800356972 /* Products */ = {
			isa = PBXGroup;
			children = (
				914BA08C1E524C2800356972 /* UIScrollViewPractice.app */,
			);
			name = Products;
			sourceTree = "<group>";
		};
		914BA08E1E524C2800356972 /* UIScrollViewPractice */ = {
			isa = PBXGroup;
			children = (
				914BA08F1E524C2800356972 /* AppDelegate.swift */,
				914BA0911E524C2800356972 /* ViewController.swift */,
				914BA0931E524C2800356972 /* Main.storyboard */,
				914BA0961E524C2800356972 /* Assets.xcassets */,
				914BA0981E524C2800356972 /* LaunchScreen.storyboard */,
				914BA09B1E524C2800356972 /* Info.plist */,
			);
			path = UIScrollViewPractice;
			sourceTree = "<group>";
		};
/* End PBXGroup section */

/* Begin PBXNativeTarget section */
		914BA08B1E524C2800356972 /* UIScrollViewPractice */ = {
			isa = PBXNativeTarget;
			buildConfigurationList = 914BA09E1E524C2800356972 /* Build configuration list for PBXNativeTarget "UIScrollViewPractice" */;
			buildPhases = (
				914BA0881E524C2800356972 /* Sources */,
				914BA0891E524C2800356972 /* Frameworks */,
				914BA08A1E524C2800356972 /* Resources */,
			);
			buildRules = (
			);
			dependencies = (
			);
			name = UIScrollViewPractice;
			productName = UIScrollViewPractice;
			productReference = 914BA08C1E524C2800356972 /* UIScrollViewPractice.app */;
			productType = "com.apple.product-type.application";
		};
/* End PBXNativeTarget section */

/* Begin PBXProject section */
		914BA0841E524C2800356972 /* Project object */ = {
			isa = PBXProject;
			attributes = {
				LastSwiftUpdateCheck = 0820;
				LastUpgradeCheck = 0820;
				ORGANIZATIONNAME = SeanPerez;
				TargetAttributes = {
					914BA08B1E524C2800356972 = {
						CreatedOnToolsVersion = 8.2.1;
						DevelopmentTeam = PW5CGBBSUC;
						ProvisioningStyle = Automatic;
					};
				};
			};
			buildConfigurationList = 914BA0871E524C2800356972 /* Build configuration list for PBXProject "UIScrollViewPractice" */;
			compatibilityVersion = "Xcode 3.2";
			developmentRegion = English;
			hasScannedForEncodings = 0;
			knownRegions = (
				en,
				Base,
			);
			mainGroup = 914BA0831E524C2800356972;
			productRefGroup = 914BA08D1E524C2800356972 /* Products */;
			projectDirPath = "";
			projectRoot = "";
			targets = (
				914BA08B1E524C2800356972 /* UIScrollViewPractice */,
			);
		};
/* End PBXProject section */

/* Begin PBXResourcesBuildPhase section */
		914BA08A1E524C2800356972 /* Resources */ = {
			isa = PBXResourcesBuildPhase;
			buildActionMask = 2147483647;
			files = (
				914BA09A1E524C2800356972 /* LaunchScreen.storyboard in Resources */,
				914BA0971E524C2800356972 /* Assets.xcassets in Resources */,
				914BA0951E524C2800356972 /* Main.storyboard in Resources */,
			);
			runOnlyForDeploymentPostprocessing = 0;
		};
/* End PBXResourcesBuildPhase section */

/* Begin PBXSourcesBuildPhase section */
		914BA0881E524C2800356972 /* Sources */ = {
			isa = PBXSourcesBuildPhase;
			buildActionMask = 2147483647;
			files = (
				914BA0921E524C2800356972 /* ViewController.swift in Sources */,
				914BA0901E524C2800356972 /* AppDelegate.swift in Sources */,
			);
			runOnlyForDeploymentPostprocessing = 0;
		};
/* End PBXSourcesBuildPhase section */

/* Begin PBXVariantGroup section */
		914BA0931E524C2800356972 /* Main.storyboard */ = {
			isa = PBXVariantGroup;
			children = (
				914BA0941E524C2800356972 /* Base */,
			);
			name = Main.storyboard;
			sourceTree = "<group>";
		};
		914BA0981E524C2800356972 /* LaunchScreen.storyboard */ = {
			isa = PBXVariantGroup;
			children = (
				914BA0991E524C2800356972 /* Base */,
			);
			name = LaunchScreen.storyboard;
			sourceTree = "<group>";
		};
/* End PBXVariantGroup section */

/* Begin XCBuildConfiguration section */
		914BA09C1E524C2800356972 /* Debug */ = {
			isa = XCBuildConfiguration;
			buildSettings = {
				ALWAYS_SEARCH_USER_PATHS = NO;
				CLANG_ANALYZER_NONNULL = YES;
				CLANG_CXX_LANGUAGE_STANDARD = "gnu++0x";
				CLANG_CXX_LIBRARY = "libc++";
				CLANG_ENABLE_MODULES = YES;
				CLANG_ENABLE_OBJC_ARC = YES;
				CLANG_WARN_BOOL_CONVERSION = YES;
				CLANG_WARN_CONSTANT_CONVERSION = YES;
				CLANG_WARN_DIRECT_OBJC_ISA_USAGE = YES_ERROR;
				CLANG_WARN_DOCUMENTATION_COMMENTS = YES;
				CLANG_WARN_EMPTY_BODY = YES;
				CLANG_WARN_ENUM_CONVERSION = YES;
				CLANG_WARN_INFINITE_RECURSION = YES;
				CLANG_WARN_INT_CONVERSION = YES;
				CLANG_WARN_OBJC_ROOT_CLASS = YES_ERROR;
				CLANG_WARN_SUSPICIOUS_MOVE = YES;
				CLANG_WARN_UNREACHABLE_CODE = YES;
				CLANG_WARN__DUPLICATE_METHOD_MATCH = YES;
				"CODE_SIGN_IDENTITY[sdk=iphoneos*]" = "iPhone Developer";
				COPY_PHASE_STRIP = NO;
				DEBUG_INFORMATION_FORMAT = dwarf;
				ENABLE_STRICT_OBJC_MSGSEND = YES;
				ENABLE_TESTABILITY = YES;
				GCC_C_LANGUAGE_STANDARD = gnu99;
				GCC_DYNAMIC_NO_PIC = NO;
				GCC_NO_COMMON_BLOCKS = YES;
				GCC_OPTIMIZATION_LEVEL = 0;
				GCC_PREPROCESSOR_DEFINITIONS = (
					"DEBUG=1",
					"$(inherited)",
				);
				GCC_WARN_64_TO_32_BIT_CONVERSION = YES;
				GCC_WARN_ABOUT_RETURN_TYPE = YES_ERROR;
				GCC_WARN_UNDECLARED_SELECTOR = YES;
				GCC_WARN_UNINITIALIZED_AUTOS = YES_AGGRESSIVE;
				GCC_WARN_UNUSED_FUNCTION = YES;
				GCC_WARN_UNUSED_VARIABLE = YES;
				IPHONEOS_DEPLOYMENT_TARGET = 10.2;
				MTL_ENABLE_DEBUG_INFO = YES;
				ONLY_ACTIVE_ARCH = YES;
				SDKROOT = iphoneos;
				SWIFT_ACTIVE_COMPILATION_CONDITIONS = DEBUG;
				SWIFT_OPTIMIZATION_LEVEL = "-Onone";
			};
			name = Debug;
		};
		914BA09D1E524C2800356972 /* Release */ = {
			isa = XCBuildConfiguration;
			buildSettings = {
				ALWAYS_SEARCH_USER_PATHS = NO;
				CLANG_ANALYZER_NONNULL = YES;
				CLANG_CXX_LANGUAGE_STANDARD = "gnu++0x";
				CLANG_CXX_LIBRARY = "libc++";
				CLANG_ENABLE_MODULES = YES;
				CLANG_ENABLE_OBJC_ARC = YES;
				CLANG_WARN_BOOL_CONVERSION = YES;
				CLANG_WARN_CONSTANT_CONVERSION = YES;
				CLANG_WARN_DIRECT_OBJC_ISA_USAGE = YES_ERROR;
				CLANG_WARN_DOCUMENTATION_COMMENTS = YES;
				CLANG_WARN_EMPTY_BODY = YES;
				CLANG_WARN_ENUM_CONVERSION = YES;
				CLANG_WARN_INFINITE_RECURSION = YES;
				CLANG_WARN_INT_CONVERSION = YES;
				CLANG_WARN_OBJC_ROOT_CLASS = YES_ERROR;
				CLANG_WARN_SUSPICIOUS_MOVE = YES;
				CLANG_WARN_UNREACHABLE_CODE = YES;
				CLANG_WARN__DUPLICATE_METHOD_MATCH = YES;
				"CODE_SIGN_IDENTITY[sdk=iphoneos*]" = "iPhone Developer";
				COPY_PHASE_STRIP = NO;
				DEBUG_INFORMATION_FORMAT = "dwarf-with-dsym";
				ENABLE_NS_ASSERTIONS = NO;
				ENABLE_STRICT_OBJC_MSGSEND = YES;
				GCC_C_LANGUAGE_STANDARD = gnu99;
				GCC_NO_COMMON_BLOCKS = YES;
				GCC_WARN_64_TO_32_BIT_CONVERSION = YES;
				GCC_WARN_ABOUT_RETURN_TYPE = YES_ERROR;
				GCC_WARN_UNDECLARED_SELECTOR = YES;
				GCC_WARN_UNINITIALIZED_AUTOS = YES_AGGRESSIVE;
				GCC_WARN_UNUSED_FUNCTION = YES;
				GCC_WARN_UNUSED_VARIABLE = YES;
				IPHONEOS_DEPLOYMENT_TARGET = 10.2;
				MTL_ENABLE_DEBUG_INFO = NO;
				SDKROOT = iphoneos;
				SWIFT_OPTIMIZATION_LEVEL = "-Owholemodule";
				VALIDATE_PRODUCT = YES;
			};
			name = Release;
		};
		914BA09F1E524C2800356972 /* Debug */ = {
			isa = XCBuildConfiguration;
			buildSettings = {
				ASSETCATALOG_COMPILER_APPICON_NAME = AppIcon;
				DEVELOPMENT_TEAM = PW5CGBBSUC;
				INFOPLIST_FILE = UIScrollViewPractice/Info.plist;
				LD_RUNPATH_SEARCH_PATHS = "$(inherited) @executable_path/Frameworks";
				PRODUCT_BUNDLE_IDENTIFIER = com.seanperez.UIScrollViewPractice;
				PRODUCT_NAME = "$(TARGET_NAME)";
				SWIFT_VERSION = 3.0;
			};
			name = Debug;
		};
		914BA0A01E524C2800356972 /* Release */ = {
			isa = XCBuildConfiguration;
			buildSettings = {
				ASSETCATALOG_COMPILER_APPICON_NAME = AppIcon;
				DEVELOPMENT_TEAM = PW5CGBBSUC;
				INFOPLIST_FILE = UIScrollViewPractice/Info.plist;
				LD_RUNPATH_SEARCH_PATHS = "$(inherited) @executable_path/Frameworks";
				PRODUCT_BUNDLE_IDENTIFIER = com.seanperez.UIScrollViewPractice;
				PRODUCT_NAME = "$(TARGET_NAME)";
				SWIFT_VERSION = 3.0;
			};
			name = Release;
		};
/* End XCBuildConfiguration section */

/* Begin XCConfigurationList section */
		914BA0871E524C2800356972 /* Build configuration list for PBXProject "UIScrollViewPractice" */ = {
			isa = XCConfigurationList;
			buildConfigurations = (
				914BA09C1E524C2800356972 /* Debug */,
				914BA09D1E524C2800356972 /* Release */,
			);
			defaultConfigurationIsVisible = 0;
			defaultConfigurationName = Release;
		};
		914BA09E1E524C2800356972 /* Build configuration list for PBXNativeTarget "UIScrollViewPractice" */ = {
			isa = XCConfigurationList;
			buildConfigurations = (
				914BA09F1E524C2800356972 /* Debug */,
				914BA0A01E524C2800356972 /* Release */,
			);
			defaultConfigurationIsVisible = 0;
		};
/* End XCConfigurationList section */
	};
	rootObject = 914BA0841E524C2800356972 /* Project object */;
}
